
Microsoft Visual Studio Solution File, Format Version 12.00
# Visual Studio Version 16
VisualStudioVersion = 16.0.32802.440
MinimumVisualStudioVersion = 10.0.40219.1
Project("{9A19103F-16F7-4668-BE54-9A1E7A4F7556}") = "Ejercicio_02", "Ejercicio_02\Ejercicio_02.csproj", "{CAC0E2A2-B08A-4C55-BAD7-34A98A804DAB}"
EndProject
Project("{9A19103F-16F7-4668-BE54-9A1E7A4F7556}") = "Ejercicios_01", "Ejercicios_01\Ejercicios_01.csproj", "{62F8B6D8-2C13-45EE-9B93-85D96F024C96}"
EndProject
Project("{9A19103F-16F7-4668-BE54-9A1E7A4F7556}") = "Ejercicios_02", "Ejercicios_02\Ejercicios_02.csproj", "{FC56BFA6-8304-42D0-874F-1EEE669FC395}"
EndProject
Project("{9A19103F-16F7-4668-BE54-9A1E7A4F7556}") = "Ejercicios_03", "Ejercicios_03\Ejercicios_03.csproj", "{9CD8F078-5685-40A1-9F5B-7054A71E1751}"
EndProject
Project("{9A19103F-16F7-4668-BE54-9A1E7A4F7556}") = "Ejercicios_04", "Ejercicios_04\Ejercicios_04.csproj", "{3519838D-8606-4680-B5DB-CDF4C45DC143}"
EndProject
Project("{9A19103F-16F7-4668-BE54-9A1E7A4F7556}") = "Ejercicios_05", "Ejercicios_05\Ejercicios_05.csproj", "{97187BF3-8224-4C87-850F-EA7F91868BFC}"
EndProject
Project("{9A19103F-16F7-4668-BE54-9A1E7A4F7556}") = "Ejercicios_06", "Ejercicios_06\Ejercicios_06.csproj", "{44D90DA3-06D4-4905-89E4-70DB58CB66AD}"
EndProject
Project("{9A19103F-16F7-4668-BE54-9A1E7A4F7556}") = "Ejer_clase2_01", "Ejer_clase2_01\Ejer_clase2_01.csproj", "{9335D1CA-DEB7-42AC-9873-6742CAB316E6}"
EndProject
Project("{9A19103F-16F7-4668-BE54-9A1E7A4F7556}") = "Clase2_Ejer_02", "Clase2_Ejer_02\Clase2_Ejer_02.csproj", "{B5B96613-7E00-4945-B51E-B6EEA46A2B96}"
EndProject
Project("{9A19103F-16F7-4668-BE54-9A1E7A4F7556}") = "Ejercicios_07", "Ejercicios_07\Ejercicios_07.csproj", "{1E079184-30A9-4536-B159-872CD36BA0C9}"
EndProject
Project("{9A19103F-16F7-4668-BE54-9A1E7A4F7556}") = "Ejercicios_08", "Ejercicios_08\Ejercicios_08.csproj", "{0829A5E0-EB86-4F7F-8DA7-7AF9012EB951}"
EndProject
Project("{9A19103F-16F7-4668-BE54-9A1E7A4F7556}") = "Ejercicios_09", "Ejercicios_09\Ejercicios_09.csproj", "{1B3A72DF-5F25-4973-8E70-71F1A8B9F099}"
EndProject
Project("{9A19103F-16F7-4668-BE54-9A1E7A4F7556}") = "Ejer_Clase2_03", "Ejer_Clase2_03\Ejer_Clase2_03.csproj", "{6CCB2DF3-BDF1-45CB-AD73-987FEB86CF13}"
EndProject
Project("{9A19103F-16F7-4668-BE54-9A1E7A4F7556}") = "Ejer_Clase2_04", "Ejer_Clase2_04\Ejer_Clase2_04.csproj", "{1745BC21-2E66-4FDD-AF7A-B8A351157843}"
EndProject
Project("{9A19103F-16F7-4668-BE54-9A1E7A4F7556}") = "Ejer_Clase2_10", "Ejer_Clase2_10\Ejer_Clase2_10.csproj", "{C22E6A62-0165-4D82-8064-650A756B1D49}"
EndProject
Project("{9A19103F-16F7-4668-BE54-9A1E7A4F7556}") = "Clase_04_Cosa", "Clase_04\Clase_04_Cosa.csproj", "{11CD502D-8B34-4C67-9711-5415B06A787A}"
EndProject
Project("{9A19103F-16F7-4668-BE54-9A1E7A4F7556}") = "Clase03_EjemploUniversal", "Clase03_EjemploUniversal\Clase03_EjemploUniversal.csproj", "{659AC717-FF51-4F2A-8A15-BEC01558C264}"
EndProject
Project("{9A19103F-16F7-4668-BE54-9A1E7A4F7556}") = "MiBiblioteca", "MiBiblioteca\MiBiblioteca.csproj", "{45EB3F24-CD16-4341-BCAC-08DC49B8FE73}"
EndProject
Project("{9A19103F-16F7-4668-BE54-9A1E7A4F7556}") = "Clase03_Boligrafo", "Clase03_Boligrafo\Clase03_Boligrafo.csproj", "{ADCDB9A0-1E70-47D8-891D-4AFF261CFDF3}"
EndProject
Project("{9A19103F-16F7-4668-BE54-9A1E7A4F7556}") = "Clase07", "Clase05\Clase07.csproj", "{D3F2745F-F7B0-4E5E-9691-8F289A6B1D01}"
EndProject
Project("{9A19103F-16F7-4668-BE54-9A1E7A4F7556}") = "Libreria", "Libreria\Libreria.csproj", "{CBE863FB-8953-47F0-BC97-ABEEC8EA35B2}"
EndProject
Project("{9A19103F-16F7-4668-BE54-9A1E7A4F7556}") = "Clase06_Ejer01", "Clase06_Ejer01\Clase06_Ejer01.csproj", "{C10369BE-18F5-40E2-B0A7-385D25A9B5B3}"
EndProject
Project("{9A19103F-16F7-4668-BE54-9A1E7A4F7556}") = "Clase06_Ejer02", "Clase06_Ejer02\Clase06_Ejer02.csproj", "{52AF1EF1-375C-4E4B-A1CE-7050FCF2F496}"
EndProject
Project("{9A19103F-16F7-4668-BE54-9A1E7A4F7556}") = "Clase06_Ejer03", "Clase06_Ejer03\Clase06_Ejer03.csproj", "{90A84DF8-19C3-4AC3-BCE7-05F39B50D302}"
EndProject
Project("{9A19103F-16F7-4668-BE54-9A1E7A4F7556}") = "Clase06_Ejer04", "Clase06_Ejer04\Clase06_Ejer04.csproj", "{64245510-C484-4B3A-A86F-9230FBBCE0D3}"
EndProject
Project("{9A19103F-16F7-4668-BE54-9A1E7A4F7556}") = "Lavadero-Clase09", "Lavadero-Clase09\Lavadero-Clase09.csproj", "{916D0BD9-9AA5-4661-8870-868804702812}"
EndProject
Project("{9A19103F-16F7-4668-BE54-9A1E7A4F7556}") = "Clase03_Ejercicio01", "Clase03_Ejercicio01\Clase03_Ejercicio01.csproj", "{440365AE-F7F7-4705-9496-99333D51B625}"
EndProject
Project("{9A19103F-16F7-4668-BE54-9A1E7A4F7556}") = "Clase03_Ejercicio02", "Clase03_Ejercicio02\Clase03_Ejercicio02.csproj", "{F9C892CF-D101-4A6E-A2B3-56A983B47EEF}"
EndProject
Project("{9A19103F-16F7-4668-BE54-9A1E7A4F7556}") = "Clase04_Ejercicio1", "Clase04_Ejercicio1\Clase04_Ejercicio1.csproj", "{BDED684D-3E48-4610-A27E-088D99DA8A5C}"
EndProject
Project("{9A19103F-16F7-4668-BE54-9A1E7A4F7556}") = "Clase06_WinForms", "Clase06_WinForms\Clase06_WinForms.csproj", "{49329D7F-AA72-4702-BD28-B3A27C6C1915}"
EndProject
Project("{9A19103F-16F7-4668-BE54-9A1E7A4F7556}") = "WindowsFormsApp", "WindowsFormsApp\WindowsFormsApp.csproj", "{FE325E6B-DE7D-4B77-AB73-24D363B66D5B}"
EndProject
Project("{9A19103F-16F7-4668-BE54-9A1E7A4F7556}") = "Lavadero", "Lavadero\Lavadero.csproj", "{AE328BA7-A069-4D25-99BF-3A81CA77D265}"
EndProject
Project("{9A19103F-16F7-4668-BE54-9A1E7A4F7556}") = "LibreriaIntegrador2020", "LibreriaIntegrador2020\LibreriaIntegrador2020.csproj", "{69FDBEA3-B506-4CBF-BE3D-68E27E210B60}"
EndProject
Project("{9A19103F-16F7-4668-BE54-9A1E7A4F7556}") = "Integrador2020", "Integrador2020\Integrador2020.csproj", "{469A3E9A-C136-4903-BFA5-5DCCC0298247}"
EndProject
Project("{FAE04EC0-301F-11D3-BF4B-00C04F79EFBC}") = "ClaseExepciones", "ClaseExepciones\ClaseExepciones.csproj", "{23793799-31D5-4F58-A610-0B7CAC5BBAEE}"
EndProject
Project("{FAE04EC0-301F-11D3-BF4B-00C04F79EFBC}") = "ExeptionPropia", "ExeptionPropia\ExeptionPropia.csproj", "{C560F3D4-76CC-41BC-97E4-076B9855CDC7}"
EndProject
Project("{2150E333-8FDC-42A3-9474-1A3956D46DE8}") = "Clase_01", "Clase_01", "{24B51D03-7898-484E-A73D-A7B82BF8CDE8}"
EndProject
Project("{2150E333-8FDC-42A3-9474-1A3956D46DE8}") = "Clase_02", "Clase_02", "{7CE8C835-B245-408C-B11E-E9B4281E501E}"
EndProject
Project("{2150E333-8FDC-42A3-9474-1A3956D46DE8}") = "Clase_03", "Clase_03", "{0E5C7B22-64BB-4008-9986-B25E5DE2E12D}"
EndProject
Project("{2150E333-8FDC-42A3-9474-1A3956D46DE8}") = "Clase_04", "Clase_04", "{230E5AF0-E685-4414-ACCB-A7C028EF9C31}"
EndProject
Project("{2150E333-8FDC-42A3-9474-1A3956D46DE8}") = "Clase_06", "Clase_06", "{F5622404-0BE7-4AB3-9764-99F5826A9DED}"
EndProject
Project("{2150E333-8FDC-42A3-9474-1A3956D46DE8}") = "Clase_07", "Clase_07", "{11F1C2FB-D8BC-4A67-BFA0-EA2F93E76673}"
EndProject
Project("{2150E333-8FDC-42A3-9474-1A3956D46DE8}") = "Clase_08_a_10", "Clase_08_a_10", "{2D344294-AB0B-411F-A301-720AA33AF1B3}"
EndProject
Global
	GlobalSection(SolutionConfigurationPlatforms) = preSolution
		Debug|Any CPU = Debug|Any CPU
		Release|Any CPU = Release|Any CPU
	EndGlobalSection
	GlobalSection(ProjectConfigurationPlatforms) = postSolution
		{CAC0E2A2-B08A-4C55-BAD7-34A98A804DAB}.Debug|Any CPU.ActiveCfg = Debug|Any CPU
		{CAC0E2A2-B08A-4C55-BAD7-34A98A804DAB}.Debug|Any CPU.Build.0 = Debug|Any CPU
		{CAC0E2A2-B08A-4C55-BAD7-34A98A804DAB}.Release|Any CPU.ActiveCfg = Release|Any CPU
		{CAC0E2A2-B08A-4C55-BAD7-34A98A804DAB}.Release|Any CPU.Build.0 = Release|Any CPU
		{62F8B6D8-2C13-45EE-9B93-85D96F024C96}.Debug|Any CPU.ActiveCfg = Debug|Any CPU
		{62F8B6D8-2C13-45EE-9B93-85D96F024C96}.Debug|Any CPU.Build.0 = Debug|Any CPU
		{62F8B6D8-2C13-45EE-9B93-85D96F024C96}.Release|Any CPU.ActiveCfg = Release|Any CPU
		{62F8B6D8-2C13-45EE-9B93-85D96F024C96}.Release|Any CPU.Build.0 = Release|Any CPU
		{FC56BFA6-8304-42D0-874F-1EEE669FC395}.Debug|Any CPU.ActiveCfg = Debug|Any CPU
		{FC56BFA6-8304-42D0-874F-1EEE669FC395}.Debug|Any CPU.Build.0 = Debug|Any CPU
		{FC56BFA6-8304-42D0-874F-1EEE669FC395}.Release|Any CPU.ActiveCfg = Release|Any CPU
		{FC56BFA6-8304-42D0-874F-1EEE669FC395}.Release|Any CPU.Build.0 = Release|Any CPU
		{9CD8F078-5685-40A1-9F5B-7054A71E1751}.Debug|Any CPU.ActiveCfg = Debug|Any CPU
		{9CD8F078-5685-40A1-9F5B-7054A71E1751}.Debug|Any CPU.Build.0 = Debug|Any CPU
		{9CD8F078-5685-40A1-9F5B-7054A71E1751}.Release|Any CPU.ActiveCfg = Release|Any CPU
		{9CD8F078-5685-40A1-9F5B-7054A71E1751}.Release|Any CPU.Build.0 = Release|Any CPU
		{3519838D-8606-4680-B5DB-CDF4C45DC143}.Debug|Any CPU.ActiveCfg = Debug|Any CPU
		{3519838D-8606-4680-B5DB-CDF4C45DC143}.Debug|Any CPU.Build.0 = Debug|Any CPU
		{3519838D-8606-4680-B5DB-CDF4C45DC143}.Release|Any CPU.ActiveCfg = Release|Any CPU
		{3519838D-8606-4680-B5DB-CDF4C45DC143}.Release|Any CPU.Build.0 = Release|Any CPU
		{97187BF3-8224-4C87-850F-EA7F91868BFC}.Debug|Any CPU.ActiveCfg = Debug|Any CPU
		{97187BF3-8224-4C87-850F-EA7F91868BFC}.Debug|Any CPU.Build.0 = Debug|Any CPU
		{97187BF3-8224-4C87-850F-EA7F91868BFC}.Release|Any CPU.ActiveCfg = Release|Any CPU
		{97187BF3-8224-4C87-850F-EA7F91868BFC}.Release|Any CPU.Build.0 = Release|Any CPU
		{44D90DA3-06D4-4905-89E4-70DB58CB66AD}.Debug|Any CPU.ActiveCfg = Debug|Any CPU
		{44D90DA3-06D4-4905-89E4-70DB58CB66AD}.Debug|Any CPU.Build.0 = Debug|Any CPU
		{44D90DA3-06D4-4905-89E4-70DB58CB66AD}.Release|Any CPU.ActiveCfg = Release|Any CPU
		{44D90DA3-06D4-4905-89E4-70DB58CB66AD}.Release|Any CPU.Build.0 = Release|Any CPU
		{9335D1CA-DEB7-42AC-9873-6742CAB316E6}.Debug|Any CPU.ActiveCfg = Debug|Any CPU
		{9335D1CA-DEB7-42AC-9873-6742CAB316E6}.Debug|Any CPU.Build.0 = Debug|Any CPU
		{9335D1CA-DEB7-42AC-9873-6742CAB316E6}.Release|Any CPU.ActiveCfg = Release|Any CPU
		{9335D1CA-DEB7-42AC-9873-6742CAB316E6}.Release|Any CPU.Build.0 = Release|Any CPU
		{B5B96613-7E00-4945-B51E-B6EEA46A2B96}.Debug|Any CPU.ActiveCfg = Debug|Any CPU
		{B5B96613-7E00-4945-B51E-B6EEA46A2B96}.Debug|Any CPU.Build.0 = Debug|Any CPU
		{B5B96613-7E00-4945-B51E-B6EEA46A2B96}.Release|Any CPU.ActiveCfg = Release|Any CPU
		{B5B96613-7E00-4945-B51E-B6EEA46A2B96}.Release|Any CPU.Build.0 = Release|Any CPU
		{1E079184-30A9-4536-B159-872CD36BA0C9}.Debug|Any CPU.ActiveCfg = Debug|Any CPU
		{1E079184-30A9-4536-B159-872CD36BA0C9}.Debug|Any CPU.Build.0 = Debug|Any CPU
		{1E079184-30A9-4536-B159-872CD36BA0C9}.Release|Any CPU.ActiveCfg = Release|Any CPU
		{1E079184-30A9-4536-B159-872CD36BA0C9}.Release|Any CPU.Build.0 = Release|Any CPU
		{0829A5E0-EB86-4F7F-8DA7-7AF9012EB951}.Debug|Any CPU.ActiveCfg = Debug|Any CPU
		{0829A5E0-EB86-4F7F-8DA7-7AF9012EB951}.Debug|Any CPU.Build.0 = Debug|Any CPU
		{0829A5E0-EB86-4F7F-8DA7-7AF9012EB951}.Release|Any CPU.ActiveCfg = Release|Any CPU
		{0829A5E0-EB86-4F7F-8DA7-7AF9012EB951}.Release|Any CPU.Build.0 = Release|Any CPU
		{1B3A72DF-5F25-4973-8E70-71F1A8B9F099}.Debug|Any CPU.ActiveCfg = Debug|Any CPU
		{1B3A72DF-5F25-4973-8E70-71F1A8B9F099}.Debug|Any CPU.Build.0 = Debug|Any CPU
		{1B3A72DF-5F25-4973-8E70-71F1A8B9F099}.Release|Any CPU.ActiveCfg = Release|Any CPU
		{1B3A72DF-5F25-4973-8E70-71F1A8B9F099}.Release|Any CPU.Build.0 = Release|Any CPU
		{6CCB2DF3-BDF1-45CB-AD73-987FEB86CF13}.Debug|Any CPU.ActiveCfg = Debug|Any CPU
		{6CCB2DF3-BDF1-45CB-AD73-987FEB86CF13}.Debug|Any CPU.Build.0 = Debug|Any CPU
		{6CCB2DF3-BDF1-45CB-AD73-987FEB86CF13}.Release|Any CPU.ActiveCfg = Release|Any CPU
		{6CCB2DF3-BDF1-45CB-AD73-987FEB86CF13}.Release|Any CPU.Build.0 = Release|Any CPU
		{1745BC21-2E66-4FDD-AF7A-B8A351157843}.Debug|Any CPU.ActiveCfg = Debug|Any CPU
		{1745BC21-2E66-4FDD-AF7A-B8A351157843}.Debug|Any CPU.Build.0 = Debug|Any CPU
		{1745BC21-2E66-4FDD-AF7A-B8A351157843}.Release|Any CPU.ActiveCfg = Release|Any CPU
		{1745BC21-2E66-4FDD-AF7A-B8A351157843}.Release|Any CPU.Build.0 = Release|Any CPU
		{C22E6A62-0165-4D82-8064-650A756B1D49}.Debug|Any CPU.ActiveCfg = Debug|Any CPU
		{C22E6A62-0165-4D82-8064-650A756B1D49}.Debug|Any CPU.Build.0 = Debug|Any CPU
		{C22E6A62-0165-4D82-8064-650A756B1D49}.Release|Any CPU.ActiveCfg = Release|Any CPU
		{C22E6A62-0165-4D82-8064-650A756B1D49}.Release|Any CPU.Build.0 = Release|Any CPU
		{11CD502D-8B34-4C67-9711-5415B06A787A}.Debug|Any CPU.ActiveCfg = Debug|Any CPU
		{11CD502D-8B34-4C67-9711-5415B06A787A}.Debug|Any CPU.Build.0 = Debug|Any CPU
		{11CD502D-8B34-4C67-9711-5415B06A787A}.Release|Any CPU.ActiveCfg = Release|Any CPU
		{11CD502D-8B34-4C67-9711-5415B06A787A}.Release|Any CPU.Build.0 = Release|Any CPU
		{659AC717-FF51-4F2A-8A15-BEC01558C264}.Debug|Any CPU.ActiveCfg = Debug|Any CPU
		{659AC717-FF51-4F2A-8A15-BEC01558C264}.Debug|Any CPU.Build.0 = Debug|Any CPU
		{659AC717-FF51-4F2A-8A15-BEC01558C264}.Release|Any CPU.ActiveCfg = Release|Any CPU
		{659AC717-FF51-4F2A-8A15-BEC01558C264}.Release|Any CPU.Build.0 = Release|Any CPU
		{45EB3F24-CD16-4341-BCAC-08DC49B8FE73}.Debug|Any CPU.ActiveCfg = Debug|Any CPU
		{45EB3F24-CD16-4341-BCAC-08DC49B8FE73}.Debug|Any CPU.Build.0 = Debug|Any CPU
		{45EB3F24-CD16-4341-BCAC-08DC49B8FE73}.Release|Any CPU.ActiveCfg = Release|Any CPU
		{45EB3F24-CD16-4341-BCAC-08DC49B8FE73}.Release|Any CPU.Build.0 = Release|Any CPU
		{ADCDB9A0-1E70-47D8-891D-4AFF261CFDF3}.Debug|Any CPU.ActiveCfg = Debug|Any CPU
		{ADCDB9A0-1E70-47D8-891D-4AFF261CFDF3}.Debug|Any CPU.Build.0 = Debug|Any CPU
		{ADCDB9A0-1E70-47D8-891D-4AFF261CFDF3}.Release|Any CPU.ActiveCfg = Release|Any CPU
		{ADCDB9A0-1E70-47D8-891D-4AFF261CFDF3}.Release|Any CPU.Build.0 = Release|Any CPU
		{D3F2745F-F7B0-4E5E-9691-8F289A6B1D01}.Debug|Any CPU.ActiveCfg = Debug|Any CPU
		{D3F2745F-F7B0-4E5E-9691-8F289A6B1D01}.Debug|Any CPU.Build.0 = Debug|Any CPU
		{D3F2745F-F7B0-4E5E-9691-8F289A6B1D01}.Release|Any CPU.ActiveCfg = Release|Any CPU
		{D3F2745F-F7B0-4E5E-9691-8F289A6B1D01}.Release|Any CPU.Build.0 = Release|Any CPU
		{CBE863FB-8953-47F0-BC97-ABEEC8EA35B2}.Debug|Any CPU.ActiveCfg = Debug|Any CPU
		{CBE863FB-8953-47F0-BC97-ABEEC8EA35B2}.Debug|Any CPU.Build.0 = Debug|Any CPU
		{CBE863FB-8953-47F0-BC97-ABEEC8EA35B2}.Release|Any CPU.ActiveCfg = Release|Any CPU
		{CBE863FB-8953-47F0-BC97-ABEEC8EA35B2}.Release|Any CPU.Build.0 = Release|Any CPU
		{C10369BE-18F5-40E2-B0A7-385D25A9B5B3}.Debug|Any CPU.ActiveCfg = Debug|Any CPU
		{C10369BE-18F5-40E2-B0A7-385D25A9B5B3}.Debug|Any CPU.Build.0 = Debug|Any CPU
		{C10369BE-18F5-40E2-B0A7-385D25A9B5B3}.Release|Any CPU.ActiveCfg = Release|Any CPU
		{C10369BE-18F5-40E2-B0A7-385D25A9B5B3}.Release|Any CPU.Build.0 = Release|Any CPU
		{52AF1EF1-375C-4E4B-A1CE-7050FCF2F496}.Debug|Any CPU.ActiveCfg = Debug|Any CPU
		{52AF1EF1-375C-4E4B-A1CE-7050FCF2F496}.Debug|Any CPU.Build.0 = Debug|Any CPU
		{52AF1EF1-375C-4E4B-A1CE-7050FCF2F496}.Release|Any CPU.ActiveCfg = Release|Any CPU
		{52AF1EF1-375C-4E4B-A1CE-7050FCF2F496}.Release|Any CPU.Build.0 = Release|Any CPU
		{90A84DF8-19C3-4AC3-BCE7-05F39B50D302}.Debug|Any CPU.ActiveCfg = Debug|Any CPU
		{90A84DF8-19C3-4AC3-BCE7-05F39B50D302}.Debug|Any CPU.Build.0 = Debug|Any CPU
		{90A84DF8-19C3-4AC3-BCE7-05F39B50D302}.Release|Any CPU.ActiveCfg = Release|Any CPU
		{90A84DF8-19C3-4AC3-BCE7-05F39B50D302}.Release|Any CPU.Build.0 = Release|Any CPU
		{64245510-C484-4B3A-A86F-9230FBBCE0D3}.Debug|Any CPU.ActiveCfg = Debug|Any CPU
		{64245510-C484-4B3A-A86F-9230FBBCE0D3}.Debug|Any CPU.Build.0 = Debug|Any CPU
		{64245510-C484-4B3A-A86F-9230FBBCE0D3}.Release|Any CPU.ActiveCfg = Release|Any CPU
		{64245510-C484-4B3A-A86F-9230FBBCE0D3}.Release|Any CPU.Build.0 = Release|Any CPU
		{916D0BD9-9AA5-4661-8870-868804702812}.Debug|Any CPU.ActiveCfg = Debug|Any CPU
		{916D0BD9-9AA5-4661-8870-868804702812}.Debug|Any CPU.Build.0 = Debug|Any CPU
		{916D0BD9-9AA5-4661-8870-868804702812}.Release|Any CPU.ActiveCfg = Release|Any CPU
		{916D0BD9-9AA5-4661-8870-868804702812}.Release|Any CPU.Build.0 = Release|Any CPU
		{440365AE-F7F7-4705-9496-99333D51B625}.Debug|Any CPU.ActiveCfg = Debug|Any CPU
		{440365AE-F7F7-4705-9496-99333D51B625}.Debug|Any CPU.Build.0 = Debug|Any CPU
		{440365AE-F7F7-4705-9496-99333D51B625}.Release|Any CPU.ActiveCfg = Release|Any CPU
		{440365AE-F7F7-4705-9496-99333D51B625}.Release|Any CPU.Build.0 = Release|Any CPU
		{F9C892CF-D101-4A6E-A2B3-56A983B47EEF}.Debug|Any CPU.ActiveCfg = Debug|Any CPU
		{F9C892CF-D101-4A6E-A2B3-56A983B47EEF}.Debug|Any CPU.Build.0 = Debug|Any CPU
		{F9C892CF-D101-4A6E-A2B3-56A983B47EEF}.Release|Any CPU.ActiveCfg = Release|Any CPU
		{F9C892CF-D101-4A6E-A2B3-56A983B47EEF}.Release|Any CPU.Build.0 = Release|Any CPU
		{BDED684D-3E48-4610-A27E-088D99DA8A5C}.Debug|Any CPU.ActiveCfg = Debug|Any CPU
		{BDED684D-3E48-4610-A27E-088D99DA8A5C}.Debug|Any CPU.Build.0 = Debug|Any CPU
		{BDED684D-3E48-4610-A27E-088D99DA8A5C}.Release|Any CPU.ActiveCfg = Release|Any CPU
		{BDED684D-3E48-4610-A27E-088D99DA8A5C}.Release|Any CPU.Build.0 = Release|Any CPU
		{49329D7F-AA72-4702-BD28-B3A27C6C1915}.Debug|Any CPU.ActiveCfg = Debug|Any CPU
		{49329D7F-AA72-4702-BD28-B3A27C6C1915}.Debug|Any CPU.Build.0 = Debug|Any CPU
		{49329D7F-AA72-4702-BD28-B3A27C6C1915}.Release|Any CPU.ActiveCfg = Release|Any CPU
		{49329D7F-AA72-4702-BD28-B3A27C6C1915}.Release|Any CPU.Build.0 = Release|Any CPU
		{FE325E6B-DE7D-4B77-AB73-24D363B66D5B}.Debug|Any CPU.ActiveCfg = Debug|Any CPU
		{FE325E6B-DE7D-4B77-AB73-24D363B66D5B}.Debug|Any CPU.Build.0 = Debug|Any CPU
		{FE325E6B-DE7D-4B77-AB73-24D363B66D5B}.Release|Any CPU.ActiveCfg = Release|Any CPU
		{FE325E6B-DE7D-4B77-AB73-24D363B66D5B}.Release|Any CPU.Build.0 = Release|Any CPU
		{AE328BA7-A069-4D25-99BF-3A81CA77D265}.Debug|Any CPU.ActiveCfg = Debug|Any CPU
		{AE328BA7-A069-4D25-99BF-3A81CA77D265}.Debug|Any CPU.Build.0 = Debug|Any CPU
		{AE328BA7-A069-4D25-99BF-3A81CA77D265}.Release|Any CPU.ActiveCfg = Release|Any CPU
		{AE328BA7-A069-4D25-99BF-3A81CA77D265}.Release|Any CPU.Build.0 = Release|Any CPU
		{69FDBEA3-B506-4CBF-BE3D-68E27E210B60}.Debug|Any CPU.ActiveCfg = Debug|Any CPU
		{69FDBEA3-B506-4CBF-BE3D-68E27E210B60}.Debug|Any CPU.Build.0 = Debug|Any CPU
		{69FDBEA3-B506-4CBF-BE3D-68E27E210B60}.Release|Any CPU.ActiveCfg = Release|Any CPU
		{69FDBEA3-B506-4CBF-BE3D-68E27E210B60}.Release|Any CPU.Build.0 = Release|Any CPU
		{469A3E9A-C136-4903-BFA5-5DCCC0298247}.Debug|Any CPU.ActiveCfg = Debug|Any CPU
		{469A3E9A-C136-4903-BFA5-5DCCC0298247}.Debug|Any CPU.Build.0 = Debug|Any CPU
		{469A3E9A-C136-4903-BFA5-5DCCC0298247}.Release|Any CPU.ActiveCfg = Release|Any CPU
		{469A3E9A-C136-4903-BFA5-5DCCC0298247}.Release|Any CPU.Build.0 = Release|Any CPU
		{23793799-31D5-4F58-A610-0B7CAC5BBAEE}.Debug|Any CPU.ActiveCfg = Debug|Any CPU
		{23793799-31D5-4F58-A610-0B7CAC5BBAEE}.Debug|Any CPU.Build.0 = Debug|Any CPU
		{23793799-31D5-4F58-A610-0B7CAC5BBAEE}.Release|Any CPU.ActiveCfg = Release|Any CPU
		{23793799-31D5-4F58-A610-0B7CAC5BBAEE}.Release|Any CPU.Build.0 = Release|Any CPU
		{C560F3D4-76CC-41BC-97E4-076B9855CDC7}.Debug|Any CPU.ActiveCfg = Debug|Any CPU
		{C560F3D4-76CC-41BC-97E4-076B9855CDC7}.Debug|Any CPU.Build.0 = Debug|Any CPU
		{C560F3D4-76CC-41BC-97E4-076B9855CDC7}.Release|Any CPU.ActiveCfg = Release|Any CPU
		{C560F3D4-76CC-41BC-97E4-076B9855CDC7}.Release|Any CPU.Build.0 = Release|Any CPU
	EndGlobalSection
	GlobalSection(SolutionProperties) = preSolution
		HideSolutionNode = FALSE
	EndGlobalSection
	GlobalSection(NestedProjects) = preSolution
		{CAC0E2A2-B08A-4C55-BAD7-34A98A804DAB} = {24B51D03-7898-484E-A73D-A7B82BF8CDE8}
		{62F8B6D8-2C13-45EE-9B93-85D96F024C96} = {24B51D03-7898-484E-A73D-A7B82BF8CDE8}
		{FC56BFA6-8304-42D0-874F-1EEE669FC395} = {24B51D03-7898-484E-A73D-A7B82BF8CDE8}
		{9CD8F078-5685-40A1-9F5B-7054A71E1751} = {24B51D03-7898-484E-A73D-A7B82BF8CDE8}
		{3519838D-8606-4680-B5DB-CDF4C45DC143} = {24B51D03-7898-484E-A73D-A7B82BF8CDE8}
		{97187BF3-8224-4C87-850F-EA7F91868BFC} = {24B51D03-7898-484E-A73D-A7B82BF8CDE8}
		{44D90DA3-06D4-4905-89E4-70DB58CB66AD} = {24B51D03-7898-484E-A73D-A7B82BF8CDE8}
		{9335D1CA-DEB7-42AC-9873-6742CAB316E6} = {7CE8C835-B245-408C-B11E-E9B4281E501E}
		{B5B96613-7E00-4945-B51E-B6EEA46A2B96} = {7CE8C835-B245-408C-B11E-E9B4281E501E}
		{1E079184-30A9-4536-B159-872CD36BA0C9} = {24B51D03-7898-484E-A73D-A7B82BF8CDE8}
		{0829A5E0-EB86-4F7F-8DA7-7AF9012EB951} = {24B51D03-7898-484E-A73D-A7B82BF8CDE8}
		{1B3A72DF-5F25-4973-8E70-71F1A8B9F099} = {24B51D03-7898-484E-A73D-A7B82BF8CDE8}
		{6CCB2DF3-BDF1-45CB-AD73-987FEB86CF13} = {7CE8C835-B245-408C-B11E-E9B4281E501E}
		{1745BC21-2E66-4FDD-AF7A-B8A351157843} = {7CE8C835-B245-408C-B11E-E9B4281E501E}
		{C22E6A62-0165-4D82-8064-650A756B1D49} = {7CE8C835-B245-408C-B11E-E9B4281E501E}
		{11CD502D-8B34-4C67-9711-5415B06A787A} = {230E5AF0-E685-4414-ACCB-A7C028EF9C31}
		{659AC717-FF51-4F2A-8A15-BEC01558C264} = {0E5C7B22-64BB-4008-9986-B25E5DE2E12D}
		{ADCDB9A0-1E70-47D8-891D-4AFF261CFDF3} = {0E5C7B22-64BB-4008-9986-B25E5DE2E12D}
		{D3F2745F-F7B0-4E5E-9691-8F289A6B1D01} = {11F1C2FB-D8BC-4A67-BFA0-EA2F93E76673}
		{C10369BE-18F5-40E2-B0A7-385D25A9B5B3} = {F5622404-0BE7-4AB3-9764-99F5826A9DED}
		{52AF1EF1-375C-4E4B-A1CE-7050FCF2F496} = {F5622404-0BE7-4AB3-9764-99F5826A9DED}
		{90A84DF8-19C3-4AC3-BCE7-05F39B50D302} = {F5622404-0BE7-4AB3-9764-99F5826A9DED}
		{64245510-C484-4B3A-A86F-9230FBBCE0D3} = {F5622404-0BE7-4AB3-9764-99F5826A9DED}
		{440365AE-F7F7-4705-9496-99333D51B625} = {0E5C7B22-64BB-4008-9986-B25E5DE2E12D}
		{F9C892CF-D101-4A6E-A2B3-56A983B47EEF} = {0E5C7B22-64BB-4008-9986-B25E5DE2E12D}
		{BDED684D-3E48-4610-A27E-088D99DA8A5C} = {230E5AF0-E685-4414-ACCB-A7C028EF9C31}
		{49329D7F-AA72-4702-BD28-B3A27C6C1915} = {F5622404-0BE7-4AB3-9764-99F5826A9DED}
	EndGlobalSection
	GlobalSection(ExtensibilityGlobals) = postSolution
		SolutionGuid = {8366B334-49CE-439E-A622-374617B870EA}
	EndGlobalSection
EndGlobal
